
Microsoft Visual Studio Solution File, Format Version 12.00
Project("{FAE04EC0-301F-11D3-BF4B-00C04F79EFBC}") = "IDS", "IDS\IDS.csproj", "{7C8B72C6-A87B-4703-B706-B827137FE983}"
EndProject
Project("{FAE04EC0-301F-11D3-BF4B-00C04F79EFBC}") = "TestIDS", "TestIDS\TestIDS.csproj", "{6CF7933F-AFDA-464A-9CC4-482813848837}"
EndProject
Global
	GlobalSection(SolutionConfigurationPlatforms) = preSolution
		Debug|Any CPU = Debug|Any CPU
		Release|Any CPU = Release|Any CPU
	EndGlobalSection
	GlobalSection(ProjectConfigurationPlatforms) = postSolution
		{7C8B72C6-A87B-4703-B706-B827137FE983}.Debug|Any CPU.ActiveCfg = Debug|Any CPU
		{7C8B72C6-A87B-4703-B706-B827137FE983}.Debug|Any CPU.Build.0 = Debug|Any CPU
		{7C8B72C6-A87B-4703-B706-B827137FE983}.Release|Any CPU.ActiveCfg = Release|Any CPU
		{7C8B72C6-A87B-4703-B706-B827137FE983}.Release|Any CPU.Build.0 = Release|Any CPU
		{6CF7933F-AFDA-464A-9CC4-482813848837}.Debug|Any CPU.ActiveCfg = Debug|Any CPU
		{6CF7933F-AFDA-464A-9CC4-482813848837}.Debug|Any CPU.Build.0 = Debug|Any CPU
		{6CF7933F-AFDA-464A-9CC4-482813848837}.Release|Any CPU.ActiveCfg = Release|Any CPU
		{6CF7933F-AFDA-464A-9CC4-482813848837}.Release|Any CPU.Build.0 = Release|Any CPU
	EndGlobalSection
EndGlobal
